// !$*UTF8*$!
{
	archiveVersion = 1;
	classes = {
	};
	objectVersion = 56;
	objects = {

/* Begin PBXBuildFile section */
		F81B0B632C645ADA005DB60F /* EditView.swift in Sources */ = {isa = PBXBuildFile; fileRef = F81B0B622C645ADA005DB60F /* EditView.swift */; };
		F82F67C42C64DB8A00E312A6 /* Result.swift in Sources */ = {isa = PBXBuildFile; fileRef = F82F67C32C64DB8A00E312A6 /* Result.swift */; };
		F82F67C62C64E56800E312A6 /* ContentViewViewModel.swift in Sources */ = {isa = PBXBuildFile; fileRef = F82F67C52C64E56800E312A6 /* ContentViewViewModel.swift */; };
		F82F67C82C64F2F100E312A6 /* EditViewViewModel.swift in Sources */ = {isa = PBXBuildFile; fileRef = F82F67C72C64F2F100E312A6 /* EditViewViewModel.swift */; };
		F83F0BA72C683A7100CBDBD7 /* LocationFetcher.swift in Sources */ = {isa = PBXBuildFile; fileRef = F83F0BA62C683A7100CBDBD7 /* LocationFetcher.swift */; };
		F8D57CF02C638B11005A8AA5 /* Location.swift in Sources */ = {isa = PBXBuildFile; fileRef = F8D57CEF2C638B11005A8AA5 /* Location.swift */; };
		F8E3CCB32C62D85300F34817 /* BucketListApp.swift in Sources */ = {isa = PBXBuildFile; fileRef = F8E3CCB22C62D85300F34817 /* BucketListApp.swift */; };
		F8E3CCB52C62D85300F34817 /* ReadAndWriteFileContentView.swift in Sources */ = {isa = PBXBuildFile; fileRef = F8E3CCB42C62D85300F34817 /* ReadAndWriteFileContentView.swift */; };
		F8E3CCB72C62D85700F34817 /* Assets.xcassets in Resources */ = {isa = PBXBuildFile; fileRef = F8E3CCB62C62D85700F34817 /* Assets.xcassets */; };
		F8E3CCBA2C62D85700F34817 /* Preview Assets.xcassets in Resources */ = {isa = PBXBuildFile; fileRef = F8E3CCB92C62D85700F34817 /* Preview Assets.xcassets */; };
		F8F1AED82C62E02400CC8F17 /* User.swift in Sources */ = {isa = PBXBuildFile; fileRef = F8F1AED72C62E02400CC8F17 /* User.swift */; };
		F8F1AEDB2C62E5E800CC8F17 /* FileManager+Extensions.swift in Sources */ = {isa = PBXBuildFile; fileRef = F8F1AEDA2C62E5E800CC8F17 /* FileManager+Extensions.swift */; };
		F8F1AEDD2C62E98800CC8F17 /* SwitchViewStateContentView.swift in Sources */ = {isa = PBXBuildFile; fileRef = F8F1AEDC2C62E98800CC8F17 /* SwitchViewStateContentView.swift */; };
		F8F1AEDF2C6309F100CC8F17 /* ContentView.swift in Sources */ = {isa = PBXBuildFile; fileRef = F8F1AEDE2C6309F100CC8F17 /* ContentView.swift */; };
		F8F1AEE32C630A4000CC8F17 /* MapContentView.swift in Sources */ = {isa = PBXBuildFile; fileRef = F8F1AEE22C630A4000CC8F17 /* MapContentView.swift */; };
		F8F1AEE72C63103000CC8F17 /* FaceIDContentView.swift in Sources */ = {isa = PBXBuildFile; fileRef = F8F1AEE62C63103000CC8F17 /* FaceIDContentView.swift */; };
/* End PBXBuildFile section */

/* Begin PBXFileReference section */
		F81B0B622C645ADA005DB60F /* EditView.swift */ = {isa = PBXFileReference; lastKnownFileType = sourcecode.swift; path = EditView.swift; sourceTree = "<group>"; };
		F82F67C32C64DB8A00E312A6 /* Result.swift */ = {isa = PBXFileReference; lastKnownFileType = sourcecode.swift; path = Result.swift; sourceTree = "<group>"; };
		F82F67C52C64E56800E312A6 /* ContentViewViewModel.swift */ = {isa = PBXFileReference; lastKnownFileType = sourcecode.swift; path = ContentViewViewModel.swift; sourceTree = "<group>"; };
		F82F67C72C64F2F100E312A6 /* EditViewViewModel.swift */ = {isa = PBXFileReference; lastKnownFileType = sourcecode.swift; path = EditViewViewModel.swift; sourceTree = "<group>"; };
		F83F0BA62C683A7100CBDBD7 /* LocationFetcher.swift */ = {isa = PBXFileReference; lastKnownFileType = sourcecode.swift; path = LocationFetcher.swift; sourceTree = "<group>"; };
		F8D57CEF2C638B11005A8AA5 /* Location.swift */ = {isa = PBXFileReference; lastKnownFileType = sourcecode.swift; path = Location.swift; sourceTree = "<group>"; };
		F8E3CCAF2C62D85300F34817 /* BucketList.app */ = {isa = PBXFileReference; explicitFileType = wrapper.application; includeInIndex = 0; path = BucketList.app; sourceTree = BUILT_PRODUCTS_DIR; };
		F8E3CCB22C62D85300F34817 /* BucketListApp.swift */ = {isa = PBXFileReference; lastKnownFileType = sourcecode.swift; path = BucketListApp.swift; sourceTree = "<group>"; };
		F8E3CCB42C62D85300F34817 /* ReadAndWriteFileContentView.swift */ = {isa = PBXFileReference; lastKnownFileType = sourcecode.swift; path = ReadAndWriteFileContentView.swift; sourceTree = "<group>"; };
		F8E3CCB62C62D85700F34817 /* Assets.xcassets */ = {isa = PBXFileReference; lastKnownFileType = folder.assetcatalog; path = Assets.xcassets; sourceTree = "<group>"; };
		F8E3CCB92C62D85700F34817 /* Preview Assets.xcassets */ = {isa = PBXFileReference; lastKnownFileType = folder.assetcatalog; path = "Preview Assets.xcassets"; sourceTree = "<group>"; };
		F8F1AED72C62E02400CC8F17 /* User.swift */ = {isa = PBXFileReference; lastKnownFileType = sourcecode.swift; path = User.swift; sourceTree = "<group>"; };
		F8F1AEDA2C62E5E800CC8F17 /* FileManager+Extensions.swift */ = {isa = PBXFileReference; lastKnownFileType = sourcecode.swift; path = "FileManager+Extensions.swift"; sourceTree = "<group>"; };
		F8F1AEDC2C62E98800CC8F17 /* SwitchViewStateContentView.swift */ = {isa = PBXFileReference; lastKnownFileType = sourcecode.swift; path = SwitchViewStateContentView.swift; sourceTree = "<group>"; };
		F8F1AEDE2C6309F100CC8F17 /* ContentView.swift */ = {isa = PBXFileReference; lastKnownFileType = sourcecode.swift; path = ContentView.swift; sourceTree = "<group>"; };
		F8F1AEE22C630A4000CC8F17 /* MapContentView.swift */ = {isa = PBXFileReference; lastKnownFileType = sourcecode.swift; path = MapContentView.swift; sourceTree = "<group>"; };
		F8F1AEE62C63103000CC8F17 /* FaceIDContentView.swift */ = {isa = PBXFileReference; lastKnownFileType = sourcecode.swift; path = FaceIDContentView.swift; sourceTree = "<group>"; };
/* End PBXFileReference section */

/* Begin PBXFrameworksBuildPhase section */
		F8E3CCAC2C62D85300F34817 /* Frameworks */ = {
			isa = PBXFrameworksBuildPhase;
			buildActionMask = 2147483647;
			files = (
			);
			runOnlyForDeploymentPostprocessing = 0;
		};
/* End PBXFrameworksBuildPhase section */

/* Begin PBXGroup section */
		F83F0BA52C683A6300CBDBD7 /* Services */ = {
			isa = PBXGroup;
			children = (
				F83F0BA62C683A7100CBDBD7 /* LocationFetcher.swift */,
			);
			path = Services;
			sourceTree = "<group>";
		};
		F8E3CCA62C62D85300F34817 = {
			isa = PBXGroup;
			children = (
				F8E3CCB12C62D85300F34817 /* BucketList */,
				F8E3CCB02C62D85300F34817 /* Products */,
			);
			sourceTree = "<group>";
		};
		F8E3CCB02C62D85300F34817 /* Products */ = {
			isa = PBXGroup;
			children = (
				F8E3CCAF2C62D85300F34817 /* BucketList.app */,
			);
			name = Products;
			sourceTree = "<group>";
		};
		F8E3CCB12C62D85300F34817 /* BucketList */ = {
			isa = PBXGroup;
			children = (
				F8F1AED92C62E5D900CC8F17 /* Extensions */,
				F8F1AED62C62DC4100CC8F17 /* Models */,
				F8F1AED52C62DC3F00CC8F17 /* Views */,
				F8F1AED42C62DC3D00CC8F17 /* ViewModels */,
				F83F0BA52C683A6300CBDBD7 /* Services */,
				F8E3CCB22C62D85300F34817 /* BucketListApp.swift */,
				F8E3CCB62C62D85700F34817 /* Assets.xcassets */,
				F8E3CCB82C62D85700F34817 /* Preview Content */,
			);
			path = BucketList;
			sourceTree = "<group>";
		};
		F8E3CCB82C62D85700F34817 /* Preview Content */ = {
			isa = PBXGroup;
			children = (
				F8E3CCB92C62D85700F34817 /* Preview Assets.xcassets */,
			);
			path = "Preview Content";
			sourceTree = "<group>";
		};
		F8F1AED42C62DC3D00CC8F17 /* ViewModels */ = {
			isa = PBXGroup;
			children = (
				F82F67C52C64E56800E312A6 /* ContentViewViewModel.swift */,
				F82F67C72C64F2F100E312A6 /* EditViewViewModel.swift */,
			);
			path = ViewModels;
			sourceTree = "<group>";
		};
		F8F1AED52C62DC3F00CC8F17 /* Views */ = {
			isa = PBXGroup;
			children = (
				F8F1AEE12C630A1500CC8F17 /* Playground */,
				F8F1AEDE2C6309F100CC8F17 /* ContentView.swift */,
				F81B0B622C645ADA005DB60F /* EditView.swift */,
			);
			path = Views;
			sourceTree = "<group>";
		};
		F8F1AED62C62DC4100CC8F17 /* Models */ = {
			isa = PBXGroup;
			children = (
				F8F1AEE02C630A0A00CC8F17 /* Playground */,
				F8D57CEF2C638B11005A8AA5 /* Location.swift */,
				F82F67C32C64DB8A00E312A6 /* Result.swift */,
			);
			path = Models;
			sourceTree = "<group>";
		};
		F8F1AED92C62E5D900CC8F17 /* Extensions */ = {
			isa = PBXGroup;
			children = (
				F8F1AEDA2C62E5E800CC8F17 /* FileManager+Extensions.swift */,
			);
			path = Extensions;
			sourceTree = "<group>";
		};
		F8F1AEE02C630A0A00CC8F17 /* Playground */ = {
			isa = PBXGroup;
			children = (
				F8F1AED72C62E02400CC8F17 /* User.swift */,
			);
			path = Playground;
			sourceTree = "<group>";
		};
		F8F1AEE12C630A1500CC8F17 /* Playground */ = {
			isa = PBXGroup;
			children = (
				F8E3CCB42C62D85300F34817 /* ReadAndWriteFileContentView.swift */,
				F8F1AEDC2C62E98800CC8F17 /* SwitchViewStateContentView.swift */,
				F8F1AEE22C630A4000CC8F17 /* MapContentView.swift */,
				F8F1AEE62C63103000CC8F17 /* FaceIDContentView.swift */,
			);
			path = Playground;
			sourceTree = "<group>";
		};
/* End PBXGroup section */

/* Begin PBXNativeTarget section */
		F8E3CCAE2C62D85300F34817 /* BucketList */ = {
			isa = PBXNativeTarget;
			buildConfigurationList = F8E3CCBD2C62D85700F34817 /* Build configuration list for PBXNativeTarget "BucketList" */;
			buildPhases = (
				F8E3CCAB2C62D85300F34817 /* Sources */,
				F8E3CCAC2C62D85300F34817 /* Frameworks */,
				F8E3CCAD2C62D85300F34817 /* Resources */,
			);
			buildRules = (
			);
			dependencies = (
			);
			name = BucketList;
			productName = BucketList;
			productReference = F8E3CCAF2C62D85300F34817 /* BucketList.app */;
			productType = "com.apple.product-type.application";
		};
/* End PBXNativeTarget section */

/* Begin PBXProject section */
		F8E3CCA72C62D85300F34817 /* Project object */ = {
			isa = PBXProject;
			attributes = {
				BuildIndependentTargetsInParallel = 1;
				LastSwiftUpdateCheck = 1520;
				LastUpgradeCheck = 1520;
				TargetAttributes = {
					F8E3CCAE2C62D85300F34817 = {
						CreatedOnToolsVersion = 15.2;
					};
				};
			};
			buildConfigurationList = F8E3CCAA2C62D85300F34817 /* Build configuration list for PBXProject "BucketList" */;
			compatibilityVersion = "Xcode 14.0";
			developmentRegion = en;
			hasScannedForEncodings = 0;
			knownRegions = (
				en,
				Base,
			);
			mainGroup = F8E3CCA62C62D85300F34817;
			productRefGroup = F8E3CCB02C62D85300F34817 /* Products */;
			projectDirPath = "";
			projectRoot = "";
			targets = (
				F8E3CCAE2C62D85300F34817 /* BucketList */,
			);
		};
/* End PBXProject section */

/* Begin PBXResourcesBuildPhase section */
		F8E3CCAD2C62D85300F34817 /* Resources */ = {
			isa = PBXResourcesBuildPhase;
			buildActionMask = 2147483647;
			files = (
				F8E3CCBA2C62D85700F34817 /* Preview Assets.xcassets in Resources */,
				F8E3CCB72C62D85700F34817 /* Assets.xcassets in Resources */,
			);
			runOnlyForDeploymentPostprocessing = 0;
		};
/* End PBXResourcesBuildPhase section */

/* Begin PBXSourcesBuildPhase section */
		F8E3CCAB2C62D85300F34817 /* Sources */ = {
			isa = PBXSourcesBuildPhase;
			buildActionMask = 2147483647;
			files = (
				F8F1AEDD2C62E98800CC8F17 /* SwitchViewStateContentView.swift in Sources */,
				F8E3CCB52C62D85300F34817 /* ReadAndWriteFileContentView.swift in Sources */,
				F8F1AEDF2C6309F100CC8F17 /* ContentView.swift in Sources */,
				F8F1AEDB2C62E5E800CC8F17 /* FileManager+Extensions.swift in Sources */,
				F8D57CF02C638B11005A8AA5 /* Location.swift in Sources */,
				F8F1AEE72C63103000CC8F17 /* FaceIDContentView.swift in Sources */,
				F81B0B632C645ADA005DB60F /* EditView.swift in Sources */,
				F8F1AEE32C630A4000CC8F17 /* MapContentView.swift in Sources */,
				F8E3CCB32C62D85300F34817 /* BucketListApp.swift in Sources */,
				F8F1AED82C62E02400CC8F17 /* User.swift in Sources */,
				F83F0BA72C683A7100CBDBD7 /* LocationFetcher.swift in Sources */,
				F82F67C82C64F2F100E312A6 /* EditViewViewModel.swift in Sources */,
				F82F67C42C64DB8A00E312A6 /* Result.swift in Sources */,
				F82F67C62C64E56800E312A6 /* ContentViewViewModel.swift in Sources */,
			);
			runOnlyForDeploymentPostprocessing = 0;
		};
/* End PBXSourcesBuildPhase section */

/* Begin XCBuildConfiguration section */
		F8E3CCBB2C62D85700F34817 /* Debug */ = {
			isa = XCBuildConfiguration;
			buildSettings = {
				ALWAYS_SEARCH_USER_PATHS = NO;
				ASSETCATALOG_COMPILER_GENERATE_SWIFT_ASSET_SYMBOL_EXTENSIONS = YES;
				CLANG_ANALYZER_NONNULL = YES;
				CLANG_ANALYZER_NUMBER_OBJECT_CONVERSION = YES_AGGRESSIVE;
				CLANG_CXX_LANGUAGE_STANDARD = "gnu++20";
				CLANG_ENABLE_MODULES = YES;
				CLANG_ENABLE_OBJC_ARC = YES;
				CLANG_ENABLE_OBJC_WEAK = YES;
				CLANG_WARN_BLOCK_CAPTURE_AUTORELEASING = YES;
				CLANG_WARN_BOOL_CONVERSION = YES;
				CLANG_WARN_COMMA = YES;
				CLANG_WARN_CONSTANT_CONVERSION = YES;
				CLANG_WARN_DEPRECATED_OBJC_IMPLEMENTATIONS = YES;
				CLANG_WARN_DIRECT_OBJC_ISA_USAGE = YES_ERROR;
				CLANG_WARN_DOCUMENTATION_COMMENTS = YES;
				CLANG_WARN_EMPTY_BODY = YES;
				CLANG_WARN_ENUM_CONVERSION = YES;
				CLANG_WARN_INFINITE_RECURSION = YES;
				CLANG_WARN_INT_CONVERSION = YES;
				CLANG_WARN_NON_LITERAL_NULL_CONVERSION = YES;
				CLANG_WARN_OBJC_IMPLICIT_RETAIN_SELF = YES;
				CLANG_WARN_OBJC_LITERAL_CONVERSION = YES;
				CLANG_WARN_OBJC_ROOT_CLASS = YES_ERROR;
				CLANG_WARN_QUOTED_INCLUDE_IN_FRAMEWORK_HEADER = YES;
				CLANG_WARN_RANGE_LOOP_ANALYSIS = YES;
				CLANG_WARN_STRICT_PROTOTYPES = YES;
				CLANG_WARN_SUSPICIOUS_MOVE = YES;
				CLANG_WARN_UNGUARDED_AVAILABILITY = YES_AGGRESSIVE;
				CLANG_WARN_UNREACHABLE_CODE = YES;
				CLANG_WARN__DUPLICATE_METHOD_MATCH = YES;
				COPY_PHASE_STRIP = NO;
				DEBUG_INFORMATION_FORMAT = dwarf;
				ENABLE_STRICT_OBJC_MSGSEND = YES;
				ENABLE_TESTABILITY = YES;
				ENABLE_USER_SCRIPT_SANDBOXING = YES;
				GCC_C_LANGUAGE_STANDARD = gnu17;
				GCC_DYNAMIC_NO_PIC = NO;
				GCC_NO_COMMON_BLOCKS = YES;
				GCC_OPTIMIZATION_LEVEL = 0;
				GCC_PREPROCESSOR_DEFINITIONS = (
					"DEBUG=1",
					"$(inherited)",
				);
				GCC_WARN_64_TO_32_BIT_CONVERSION = YES;
				GCC_WARN_ABOUT_RETURN_TYPE = YES_ERROR;
				GCC_WARN_UNDECLARED_SELECTOR = YES;
				GCC_WARN_UNINITIALIZED_AUTOS = YES_AGGRESSIVE;
				GCC_WARN_UNUSED_FUNCTION = YES;
				GCC_WARN_UNUSED_VARIABLE = YES;
				IPHONEOS_DEPLOYMENT_TARGET = 17.2;
				LOCALIZATION_PREFERS_STRING_CATALOGS = YES;
				MTL_ENABLE_DEBUG_INFO = INCLUDE_SOURCE;
				MTL_FAST_MATH = YES;
				ONLY_ACTIVE_ARCH = YES;
				SDKROOT = iphoneos;
				SWIFT_ACTIVE_COMPILATION_CONDITIONS = "DEBUG $(inherited)";
				SWIFT_OPTIMIZATION_LEVEL = "-Onone";
			};
			name = Debug;
		};
		F8E3CCBC2C62D85700F34817 /* Release */ = {
			isa = XCBuildConfiguration;
			buildSettings = {
				ALWAYS_SEARCH_USER_PATHS = NO;
				ASSETCATALOG_COMPILER_GENERATE_SWIFT_ASSET_SYMBOL_EXTENSIONS = YES;
				CLANG_ANALYZER_NONNULL = YES;
				CLANG_ANALYZER_NUMBER_OBJECT_CONVERSION = YES_AGGRESSIVE;
				CLANG_CXX_LANGUAGE_STANDARD = "gnu++20";
				CLANG_ENABLE_MODULES = YES;
				CLANG_ENABLE_OBJC_ARC = YES;
				CLANG_ENABLE_OBJC_WEAK = YES;
				CLANG_WARN_BLOCK_CAPTURE_AUTORELEASING = YES;
				CLANG_WARN_BOOL_CONVERSION = YES;
				CLANG_WARN_COMMA = YES;
				CLANG_WARN_CONSTANT_CONVERSION = YES;
				CLANG_WARN_DEPRECATED_OBJC_IMPLEMENTATIONS = YES;
				CLANG_WARN_DIRECT_OBJC_ISA_USAGE = YES_ERROR;
				CLANG_WARN_DOCUMENTATION_COMMENTS = YES;
				CLANG_WARN_EMPTY_BODY = YES;
				CLANG_WARN_ENUM_CONVERSION = YES;
				CLANG_WARN_INFINITE_RECURSION = YES;
				CLANG_WARN_INT_CONVERSION = YES;
				CLANG_WARN_NON_LITERAL_NULL_CONVERSION = YES;
				CLANG_WARN_OBJC_IMPLICIT_RETAIN_SELF = YES;
				CLANG_WARN_OBJC_LITERAL_CONVERSION = YES;
				CLANG_WARN_OBJC_ROOT_CLASS = YES_ERROR;
				CLANG_WARN_QUOTED_INCLUDE_IN_FRAMEWORK_HEADER = YES;
				CLANG_WARN_RANGE_LOOP_ANALYSIS = YES;
				CLANG_WARN_STRICT_PROTOTYPES = YES;
				CLANG_WARN_SUSPICIOUS_MOVE = YES;
				CLANG_WARN_UNGUARDED_AVAILABILITY = YES_AGGRESSIVE;
				CLANG_WARN_UNREACHABLE_CODE = YES;
				CLANG_WARN__DUPLICATE_METHOD_MATCH = YES;
				COPY_PHASE_STRIP = NO;
				DEBUG_INFORMATION_FORMAT = "dwarf-with-dsym";
				ENABLE_NS_ASSERTIONS = NO;
				ENABLE_STRICT_OBJC_MSGSEND = YES;
				ENABLE_USER_SCRIPT_SANDBOXING = YES;
				GCC_C_LANGUAGE_STANDARD = gnu17;
				GCC_NO_COMMON_BLOCKS = YES;
				GCC_WARN_64_TO_32_BIT_CONVERSION = YES;
				GCC_WARN_ABOUT_RETURN_TYPE = YES_ERROR;
				GCC_WARN_UNDECLARED_SELECTOR = YES;
				GCC_WARN_UNINITIALIZED_AUTOS = YES_AGGRESSIVE;
				GCC_WARN_UNUSED_FUNCTION = YES;
				GCC_WARN_UNUSED_VARIABLE = YES;
				IPHONEOS_DEPLOYMENT_TARGET = 17.2;
				LOCALIZATION_PREFERS_STRING_CATALOGS = YES;
				MTL_ENABLE_DEBUG_INFO = NO;
				MTL_FAST_MATH = YES;
				SDKROOT = iphoneos;
				SWIFT_COMPILATION_MODE = wholemodule;
				VALIDATE_PRODUCT = YES;
			};
			name = Release;
		};
		F8E3CCBE2C62D85700F34817 /* Debug */ = {
			isa = XCBuildConfiguration;
			buildSettings = {
				ASSETCATALOG_COMPILER_APPICON_NAME = AppIcon;
				ASSETCATALOG_COMPILER_GLOBAL_ACCENT_COLOR_NAME = AccentColor;
				CODE_SIGN_STYLE = Automatic;
				CURRENT_PROJECT_VERSION = 1;
				DEVELOPMENT_ASSET_PATHS = "\"BucketList/Preview Content\"";
				DEVELOPMENT_TEAM = G6HATL4S2M;
				ENABLE_PREVIEWS = YES;
				GENERATE_INFOPLIST_FILE = YES;
				INFOPLIST_KEY_NSFaceIDUsageDescription = "Please authenticate yourself to unlock your places";
				INFOPLIST_KEY_NSLocationWhenInUseUsageDescription = "Please give access to yout location so you can display you position on map";
				INFOPLIST_KEY_UIApplicationSceneManifest_Generation = YES;
				INFOPLIST_KEY_UIApplicationSupportsIndirectInputEvents = YES;
				INFOPLIST_KEY_UILaunchScreen_Generation = YES;
				INFOPLIST_KEY_UISupportedInterfaceOrientations_iPad = "UIInterfaceOrientationPortrait UIInterfaceOrientationPortraitUpsideDown UIInterfaceOrientationLandscapeLeft UIInterfaceOrientationLandscapeRight";
				INFOPLIST_KEY_UISupportedInterfaceOrientations_iPhone = "UIInterfaceOrientationPortrait UIInterfaceOrientationLandscapeLeft UIInterfaceOrientationLandscapeRight";
				LD_RUNPATH_SEARCH_PATHS = (
					"$(inherited)",
					"@executable_path/Frameworks",
				);
				MARKETING_VERSION = 1.0;
				PRODUCT_BUNDLE_IDENTIFIER = br.com.shaft.BucketList;
				PRODUCT_NAME = "$(TARGET_NAME)";
				SWIFT_EMIT_LOC_STRINGS = YES;
				SWIFT_VERSION = 5.0;
				TARGETED_DEVICE_FAMILY = "1,2";
			};
			name = Debug;
		};
		F8E3CCBF2C62D85700F34817 /* Release */ = {
			isa = XCBuildConfiguration;
			buildSettings = {
				ASSETCATALOG_COMPILER_APPICON_NAME = AppIcon;
				ASSETCATALOG_COMPILER_GLOBAL_ACCENT_COLOR_NAME = AccentColor;
				CODE_SIGN_STYLE = Automatic;
				CURRENT_PROJECT_VERSION = 1;
				DEVELOPMENT_ASSET_PATHS = "\"BucketList/Preview Content\"";
				DEVELOPMENT_TEAM = G6HATL4S2M;
				ENABLE_PREVIEWS = YES;
				GENERATE_INFOPLIST_FILE = YES;
				INFOPLIST_KEY_NSFaceIDUsageDescription = "Please authenticate yourself to unlock your places";
				INFOPLIST_KEY_NSLocationWhenInUseUsageDescription = "Please give access to yout location so you can display you position on map";
				INFOPLIST_KEY_UIApplicationSceneManifest_Generation = YES;
				INFOPLIST_KEY_UIApplicationSupportsIndirectInputEvents = YES;
				INFOPLIST_KEY_UILaunchScreen_Generation = YES;
				INFOPLIST_KEY_UISupportedInterfaceOrientations_iPad = "UIInterfaceOrientationPortrait UIInterfaceOrientationPortraitUpsideDown UIInterfaceOrientationLandscapeLeft UIInterfaceOrientationLandscapeRight";
				INFOPLIST_KEY_UISupportedInterfaceOrientations_iPhone = "UIInterfaceOrientationPortrait UIInterfaceOrientationLandscapeLeft UIInterfaceOrientationLandscapeRight";
				LD_RUNPATH_SEARCH_PATHS = (
					"$(inherited)",
					"@executable_path/Frameworks",
				);
				MARKETING_VERSION = 1.0;
				PRODUCT_BUNDLE_IDENTIFIER = br.com.shaft.BucketList;
				PRODUCT_NAME = "$(TARGET_NAME)";
				SWIFT_EMIT_LOC_STRINGS = YES;
				SWIFT_VERSION = 5.0;
				TARGETED_DEVICE_FAMILY = "1,2";
			};
			name = Release;
		};
/* End XCBuildConfiguration section */

/* Begin XCConfigurationList section */
		F8E3CCAA2C62D85300F34817 /* Build configuration list for PBXProject "BucketList" */ = {
			isa = XCConfigurationList;
			buildConfigurations = (
				F8E3CCBB2C62D85700F34817 /* Debug */,
				F8E3CCBC2C62D85700F34817 /* Release */,
			);
			defaultConfigurationIsVisible = 0;
			defaultConfigurationName = Release;
		};
		F8E3CCBD2C62D85700F34817 /* Build configuration list for PBXNativeTarget "BucketList" */ = {
			isa = XCConfigurationList;
			buildConfigurations = (
				F8E3CCBE2C62D85700F34817 /* Debug */,
				F8E3CCBF2C62D85700F34817 /* Release */,
			);
			defaultConfigurationIsVisible = 0;
			defaultConfigurationName = Release;
		};
/* End XCConfigurationList section */
	};
	rootObject = F8E3CCA72C62D85300F34817 /* Project object */;
}
